{
  "originHash" : "ac7439ef6e211b020a2cf0fce95d2080bfaa57c86c791bd33ffc85482994d172",
  "pins" : [
    {
      "identity" : "amplify-swift",
      "kind" : "remoteSourceControl",
      "location" : "https://github.com/aws-amplify/amplify-swift",
      "state" : {
        "revision" : "0a78846e5162a31040e54058bb58af54a60e7938",
        "version" : "2.45.2"
      }
    },
    {
      "identity" : "amplify-swift-utils-notifications",
      "kind" : "remoteSourceControl",
      "location" : "https://github.com/aws-amplify/amplify-swift-utils-notifications.git",
      "state" : {
        "revision" : "959eec669ba97c7d923b963c3e66ca8a0b2737f6",
        "version" : "1.1.1"
      }
    },
    {
      "identity" : "aws-crt-swift",
      "kind" : "remoteSourceControl",
      "location" : "https://github.com/awslabs/aws-crt-swift.git",
      "state" : {
        "revision" : "3f844bef042cc0a4c3381f7090414ce3f9a7e935",
        "version" : "0.37.0"
      }
    },
    {
      "identity" : "aws-sdk-swift",
      "kind" : "remoteSourceControl",
      "location" : "https://github.com/awslabs/aws-sdk-swift.git",
      "state" : {
        "revision" : "c6c1064da9bfccb119a7a8ab9ba636fb3bbfa6f5",
        "version" : "1.0.47"
      }
    },
    {
      "identity" : "smithy-swift",
      "kind" : "remoteSourceControl",
      "location" : "https://github.com/smithy-lang/smithy-swift",
      "state" : {
        "revision" : "3cd9f181b3ba8ff71da43bf53c09f8de6790a4ad",
        "version" : "0.96.0"
      }
    },
    {
      "identity" : "sqlite.swift",
      "kind" : "remoteSourceControl",
      "location" : "https://github.com/stephencelis/SQLite.swift.git",
      "state" : {
        "revision" : "a95fc6df17d108bd99210db5e8a9bac90fe984b8",
        "version" : "0.15.3"
      }
    },
    {
      "identity" : "swift-log",
      "kind" : "remoteSourceControl",
      "location" : "https://github.com/apple/swift-log.git",
      "state" : {
        "revision" : "6fe203dc33195667ce1759bf0182975e4653ba1c",
        "version" : "1.4.4"
      }
    }
  ],
  "version" : 3
}
