// !$*UTF8*$!
{
	archiveVersion = 1;
	classes = {
	};
	objectVersion = 56;
	objects = {

/* Begin PBXBuildFile section */
		1C9F4B272B65D8D20013245C /* mobileApp.swift in Sources */ = {isa = PBXBuildFile; fileRef = 1C9F4B262B65D8D20013245C /* mobileApp.swift */; };
		1C9F4B292B65D8D20013245C /* ContentView.swift in Sources */ = {isa = PBXBuildFile; fileRef = 1C9F4B282B65D8D20013245C /* ContentView.swift */; };
		1C9F4B2B2B65D8D30013245C /* Assets.xcassets in Resources */ = {isa = PBXBuildFile; fileRef = 1C9F4B2A2B65D8D30013245C /* Assets.xcassets */; };
		1C9F4B2E2B65D8D30013245C /* Preview Assets.xcassets in Resources */ = {isa = PBXBuildFile; fileRef = 1C9F4B2D2B65D8D30013245C /* Preview Assets.xcassets */; };
		1C9F4B362B65D9550013245C /* AWSAPIPlugin in Frameworks */ = {isa = PBXBuildFile; productRef = 1C9F4B352B65D9550013245C /* AWSAPIPlugin */; };
		1C9F4B382B65D9550013245C /* AWSCloudWatchLoggingPlugin in Frameworks */ = {isa = PBXBuildFile; productRef = 1C9F4B372B65D9550013245C /* AWSCloudWatchLoggingPlugin */; };
		1C9F4B3A2B65D9550013245C /* AWSCognitoAuthPlugin in Frameworks */ = {isa = PBXBuildFile; productRef = 1C9F4B392B65D9550013245C /* AWSCognitoAuthPlugin */; };
		1C9F4B3C2B65D9550013245C /* AWSDataStorePlugin in Frameworks */ = {isa = PBXBuildFile; productRef = 1C9F4B3B2B65D9550013245C /* AWSDataStorePlugin */; };
		1C9F4B3E2B65D9550013245C /* AWSLocationGeoPlugin in Frameworks */ = {isa = PBXBuildFile; productRef = 1C9F4B3D2B65D9550013245C /* AWSLocationGeoPlugin */; };
		1C9F4B4C2B65D98E0013245C /* Location.swift in Sources */ = {isa = PBXBuildFile; fileRef = 1C9F4B402B65D98E0013245C /* Location.swift */; };
		1C9F4B4D2B65D98E0013245C /* Weather+Schema.swift in Sources */ = {isa = PBXBuildFile; fileRef = 1C9F4B412B65D98E0013245C /* Weather+Schema.swift */; };
		1C9F4B4E2B65D98E0013245C /* schema.graphql in Resources */ = {isa = PBXBuildFile; fileRef = 1C9F4B422B65D98E0013245C /* schema.graphql */; };
		1C9F4B4F2B65D98E0013245C /* AmplifyModels.swift in Sources */ = {isa = PBXBuildFile; fileRef = 1C9F4B432B65D98E0013245C /* AmplifyModels.swift */; };
		1C9F4B502B65D98E0013245C /* Message.swift in Sources */ = {isa = PBXBuildFile; fileRef = 1C9F4B442B65D98E0013245C /* Message.swift */; };
		1C9F4B512B65D98E0013245C /* Place.swift in Sources */ = {isa = PBXBuildFile; fileRef = 1C9F4B452B65D98E0013245C /* Place.swift */; };
		1C9F4B522B65D98E0013245C /* Place+Schema.swift in Sources */ = {isa = PBXBuildFile; fileRef = 1C9F4B462B65D98E0013245C /* Place+Schema.swift */; };
		1C9F4B532B65D98E0013245C /* PlaceType.swift in Sources */ = {isa = PBXBuildFile; fileRef = 1C9F4B472B65D98E0013245C /* PlaceType.swift */; };
		1C9F4B542B65D98E0013245C /* Location+Schema.swift in Sources */ = {isa = PBXBuildFile; fileRef = 1C9F4B482B65D98E0013245C /* Location+Schema.swift */; };
		1C9F4B552B65D98E0013245C /* Weather.swift in Sources */ = {isa = PBXBuildFile; fileRef = 1C9F4B492B65D98E0013245C /* Weather.swift */; };
		1C9F4B562B65D98E0013245C /* amplifyconfiguration.json in Resources */ = {isa = PBXBuildFile; fileRef = 1C9F4B4A2B65D98E0013245C /* amplifyconfiguration.json */; };
		1C9F4B572B65D98E0013245C /* Message+Schema.swift in Sources */ = {isa = PBXBuildFile; fileRef = 1C9F4B4B2B65D98E0013245C /* Message+Schema.swift */; };
		1C9F4B5B2B65DB220013245C /* MapView.swift in Sources */ = {isa = PBXBuildFile; fileRef = 1C9F4B5A2B65DB220013245C /* MapView.swift */; };
		1CC5A6872B681A0500F7419A /* DataService.swift in Sources */ = {isa = PBXBuildFile; fileRef = 1CC5A6862B681A0500F7419A /* DataService.swift */; };
		1CC5A6892B681A5400F7419A /* Queries.swift in Sources */ = {isa = PBXBuildFile; fileRef = 1CC5A6882B681A5400F7419A /* Queries.swift */; };
		1CC5A68B2B681B1500F7419A /* LocationService.swift in Sources */ = {isa = PBXBuildFile; fileRef = 1CC5A68A2B681B1500F7419A /* LocationService.swift */; };
		1CC5A68D2B68219A00F7419A /* MapButton.swift in Sources */ = {isa = PBXBuildFile; fileRef = 1CC5A68C2B68219A00F7419A /* MapButton.swift */; };
		1CC5A68F2B68222100F7419A /* WeatherView.swift in Sources */ = {isa = PBXBuildFile; fileRef = 1CC5A68E2B68222100F7419A /* WeatherView.swift */; };
		1CC5A6912B68224A00F7419A /* LoadingView.swift in Sources */ = {isa = PBXBuildFile; fileRef = 1CC5A6902B68224A00F7419A /* LoadingView.swift */; };
		1CC5A6932B68227400F7419A /* FormButton.swift in Sources */ = {isa = PBXBuildFile; fileRef = 1CC5A6922B68227400F7419A /* FormButton.swift */; };
		1CC5A6952B68242800F7419A /* PlacesView.swift in Sources */ = {isa = PBXBuildFile; fileRef = 1CC5A6942B68242800F7419A /* PlacesView.swift */; };
		1CC5A6972B68245F00F7419A /* PlaceType+Extensions.swift in Sources */ = {isa = PBXBuildFile; fileRef = 1CC5A6962B68245F00F7419A /* PlaceType+Extensions.swift */; };
		1CC5A6992B68261700F7419A /* MessagesView.swift in Sources */ = {isa = PBXBuildFile; fileRef = 1CC5A6982B68261700F7419A /* MessagesView.swift */; };
		1CC5A69B2B6826C400F7419A /* VehicleMessageService.swift in Sources */ = {isa = PBXBuildFile; fileRef = 1CC5A69A2B6826C400F7419A /* VehicleMessageService.swift */; };
		1CC5A69D2B6826D200F7419A /* Subscriptions.swift in Sources */ = {isa = PBXBuildFile; fileRef = 1CC5A69C2B6826D200F7419A /* Subscriptions.swift */; };
		1CC5A69F2B682A0900F7419A /* Message+Extensions.swift in Sources */ = {isa = PBXBuildFile; fileRef = 1CC5A69E2B682A0900F7419A /* Message+Extensions.swift */; };
		1CC5A6A12B682FBA00F7419A /* CarPlayMapView.swift in Sources */ = {isa = PBXBuildFile; fileRef = 1CC5A6A02B682FBA00F7419A /* CarPlayMapView.swift */; };
		1CC5A6A52B68338900F7419A /* CarPlaySceneDelegate.swift in Sources */ = {isa = PBXBuildFile; fileRef = 1CC5A6A42B68338900F7419A /* CarPlaySceneDelegate.swift */; };
/* End PBXBuildFile section */

/* Begin PBXFileReference section */
		1C9F4B232B65D8D20013245C /* mobile.app */ = {isa = PBXFileReference; explicitFileType = wrapper.application; includeInIndex = 0; path = mobile.app; sourceTree = BUILT_PRODUCTS_DIR; };
		1C9F4B262B65D8D20013245C /* mobileApp.swift */ = {isa = PBXFileReference; lastKnownFileType = sourcecode.swift; path = mobileApp.swift; sourceTree = "<group>"; };
		1C9F4B282B65D8D20013245C /* ContentView.swift */ = {isa = PBXFileReference; lastKnownFileType = sourcecode.swift; path = ContentView.swift; sourceTree = "<group>"; };
		1C9F4B2A2B65D8D30013245C /* Assets.xcassets */ = {isa = PBXFileReference; lastKnownFileType = folder.assetcatalog; path = Assets.xcassets; sourceTree = "<group>"; };
		1C9F4B2D2B65D8D30013245C /* Preview Assets.xcassets */ = {isa = PBXFileReference; lastKnownFileType = folder.assetcatalog; path = "Preview Assets.xcassets"; sourceTree = "<group>"; };
		1C9F4B402B65D98E0013245C /* Location.swift */ = {isa = PBXFileReference; fileEncoding = 4; lastKnownFileType = sourcecode.swift; path = Location.swift; sourceTree = "<group>"; };
		1C9F4B412B65D98E0013245C /* Weather+Schema.swift */ = {isa = PBXFileReference; fileEncoding = 4; lastKnownFileType = sourcecode.swift; path = "Weather+Schema.swift"; sourceTree = "<group>"; };
		1C9F4B422B65D98E0013245C /* schema.graphql */ = {isa = PBXFileReference; fileEncoding = 4; lastKnownFileType = text; path = schema.graphql; sourceTree = "<group>"; };
		1C9F4B432B65D98E0013245C /* AmplifyModels.swift */ = {isa = PBXFileReference; fileEncoding = 4; lastKnownFileType = sourcecode.swift; path = AmplifyModels.swift; sourceTree = "<group>"; };
		1C9F4B442B65D98E0013245C /* Message.swift */ = {isa = PBXFileReference; fileEncoding = 4; lastKnownFileType = sourcecode.swift; path = Message.swift; sourceTree = "<group>"; };
		1C9F4B452B65D98E0013245C /* Place.swift */ = {isa = PBXFileReference; fileEncoding = 4; lastKnownFileType = sourcecode.swift; path = Place.swift; sourceTree = "<group>"; };
		1C9F4B462B65D98E0013245C /* Place+Schema.swift */ = {isa = PBXFileReference; fileEncoding = 4; lastKnownFileType = sourcecode.swift; path = "Place+Schema.swift"; sourceTree = "<group>"; };
		1C9F4B472B65D98E0013245C /* PlaceType.swift */ = {isa = PBXFileReference; fileEncoding = 4; lastKnownFileType = sourcecode.swift; path = PlaceType.swift; sourceTree = "<group>"; };
		1C9F4B482B65D98E0013245C /* Location+Schema.swift */ = {isa = PBXFileReference; fileEncoding = 4; lastKnownFileType = sourcecode.swift; path = "Location+Schema.swift"; sourceTree = "<group>"; };
		1C9F4B492B65D98E0013245C /* Weather.swift */ = {isa = PBXFileReference; fileEncoding = 4; lastKnownFileType = sourcecode.swift; path = Weather.swift; sourceTree = "<group>"; };
		1C9F4B4A2B65D98E0013245C /* amplifyconfiguration.json */ = {isa = PBXFileReference; fileEncoding = 4; lastKnownFileType = text.json; path = amplifyconfiguration.json; sourceTree = "<group>"; };
		1C9F4B4B2B65D98E0013245C /* Message+Schema.swift */ = {isa = PBXFileReference; fileEncoding = 4; lastKnownFileType = sourcecode.swift; path = "Message+Schema.swift"; sourceTree = "<group>"; };
		1C9F4B5A2B65DB220013245C /* MapView.swift */ = {isa = PBXFileReference; lastKnownFileType = sourcecode.swift; path = MapView.swift; sourceTree = "<group>"; };
		1CC5A6862B681A0500F7419A /* DataService.swift */ = {isa = PBXFileReference; lastKnownFileType = sourcecode.swift; path = DataService.swift; sourceTree = "<group>"; };
		1CC5A6882B681A5400F7419A /* Queries.swift */ = {isa = PBXFileReference; lastKnownFileType = sourcecode.swift; path = Queries.swift; sourceTree = "<group>"; };
		1CC5A68A2B681B1500F7419A /* LocationService.swift */ = {isa = PBXFileReference; lastKnownFileType = sourcecode.swift; path = LocationService.swift; sourceTree = "<group>"; };
		1CC5A68C2B68219A00F7419A /* MapButton.swift */ = {isa = PBXFileReference; lastKnownFileType = sourcecode.swift; path = MapButton.swift; sourceTree = "<group>"; };
		1CC5A68E2B68222100F7419A /* WeatherView.swift */ = {isa = PBXFileReference; lastKnownFileType = sourcecode.swift; path = WeatherView.swift; sourceTree = "<group>"; };
		1CC5A6902B68224A00F7419A /* LoadingView.swift */ = {isa = PBXFileReference; lastKnownFileType = sourcecode.swift; path = LoadingView.swift; sourceTree = "<group>"; };
		1CC5A6922B68227400F7419A /* FormButton.swift */ = {isa = PBXFileReference; lastKnownFileType = sourcecode.swift; path = FormButton.swift; sourceTree = "<group>"; };
		1CC5A6942B68242800F7419A /* PlacesView.swift */ = {isa = PBXFileReference; lastKnownFileType = sourcecode.swift; path = PlacesView.swift; sourceTree = "<group>"; };
		1CC5A6962B68245F00F7419A /* PlaceType+Extensions.swift */ = {isa = PBXFileReference; lastKnownFileType = sourcecode.swift; path = "PlaceType+Extensions.swift"; sourceTree = "<group>"; };
		1CC5A6982B68261700F7419A /* MessagesView.swift */ = {isa = PBXFileReference; lastKnownFileType = sourcecode.swift; path = MessagesView.swift; sourceTree = "<group>"; };
		1CC5A69A2B6826C400F7419A /* VehicleMessageService.swift */ = {isa = PBXFileReference; lastKnownFileType = sourcecode.swift; path = VehicleMessageService.swift; sourceTree = "<group>"; };
		1CC5A69C2B6826D200F7419A /* Subscriptions.swift */ = {isa = PBXFileReference; lastKnownFileType = sourcecode.swift; path = Subscriptions.swift; sourceTree = "<group>"; };
		1CC5A69E2B682A0900F7419A /* Message+Extensions.swift */ = {isa = PBXFileReference; lastKnownFileType = sourcecode.swift; path = "Message+Extensions.swift"; sourceTree = "<group>"; };
		1CC5A6A02B682FBA00F7419A /* CarPlayMapView.swift */ = {isa = PBXFileReference; lastKnownFileType = sourcecode.swift; path = CarPlayMapView.swift; sourceTree = "<group>"; };
		1CC5A6A42B68338900F7419A /* CarPlaySceneDelegate.swift */ = {isa = PBXFileReference; lastKnownFileType = sourcecode.swift; path = CarPlaySceneDelegate.swift; sourceTree = "<group>"; };
		1CC5A6A62B68340900F7419A /* Info.plist */ = {isa = PBXFileReference; lastKnownFileType = text.plist; path = Info.plist; sourceTree = "<group>"; };
		1CC5A6AB2B6841BE00F7419A /* mobile.entitlements */ = {isa = PBXFileReference; lastKnownFileType = text.plist.entitlements; path = mobile.entitlements; sourceTree = "<group>"; };
/* End PBXFileReference section */

/* Begin PBXFrameworksBuildPhase section */
		1C9F4B202B65D8D20013245C /* Frameworks */ = {
			isa = PBXFrameworksBuildPhase;
			buildActionMask = 2147483647;
			files = (
				1C9F4B362B65D9550013245C /* AWSAPIPlugin in Frameworks */,
				1C9F4B3E2B65D9550013245C /* AWSLocationGeoPlugin in Frameworks */,
				1C9F4B382B65D9550013245C /* AWSCloudWatchLoggingPlugin in Frameworks */,
				1C9F4B3A2B65D9550013245C /* AWSCognitoAuthPlugin in Frameworks */,
				1C9F4B3C2B65D9550013245C /* AWSDataStorePlugin in Frameworks */,
			);
			runOnlyForDeploymentPostprocessing = 0;
		};
/* End PBXFrameworksBuildPhase section */

/* Begin PBXGroup section */
		1C9F4B1A2B65D8D10013245C = {
			isa = PBXGroup;
			children = (
				1C9F4B252B65D8D20013245C /* mobile */,
				1C9F4B242B65D8D20013245C /* Products */,
			);
			sourceTree = "<group>";
		};
		1C9F4B242B65D8D20013245C /* Products */ = {
			isa = PBXGroup;
			children = (
				1C9F4B232B65D8D20013245C /* mobile.app */,
			);
			name = Products;
			sourceTree = "<group>";
		};
		1C9F4B252B65D8D20013245C /* mobile */ = {
			isa = PBXGroup;
			children = (
				1CC5A6AB2B6841BE00F7419A /* mobile.entitlements */,
				1CC5A6A62B68340900F7419A /* Info.plist */,
				1C9F4B592B65DAE20013245C /* Services */,
				1C9F4B582B65D9ED0013245C /* Views */,
				1C9F4B3F2B65D98E0013245C /* amplify */,
				1C9F4B262B65D8D20013245C /* mobileApp.swift */,
				1CC5A6A42B68338900F7419A /* CarPlaySceneDelegate.swift */,
				1C9F4B2A2B65D8D30013245C /* Assets.xcassets */,
				1C9F4B2C2B65D8D30013245C /* Preview Content */,
			);
			path = mobile;
			sourceTree = "<group>";
		};
		1C9F4B2C2B65D8D30013245C /* Preview Content */ = {
			isa = PBXGroup;
			children = (
				1C9F4B2D2B65D8D30013245C /* Preview Assets.xcassets */,
			);
			path = "Preview Content";
			sourceTree = "<group>";
		};
		1C9F4B3F2B65D98E0013245C /* amplify */ = {
			isa = PBXGroup;
			children = (
				1C9F4B402B65D98E0013245C /* Location.swift */,
				1C9F4B412B65D98E0013245C /* Weather+Schema.swift */,
				1C9F4B422B65D98E0013245C /* schema.graphql */,
				1C9F4B432B65D98E0013245C /* AmplifyModels.swift */,
				1C9F4B442B65D98E0013245C /* Message.swift */,
				1C9F4B452B65D98E0013245C /* Place.swift */,
				1C9F4B462B65D98E0013245C /* Place+Schema.swift */,
				1C9F4B472B65D98E0013245C /* PlaceType.swift */,
				1C9F4B482B65D98E0013245C /* Location+Schema.swift */,
				1C9F4B492B65D98E0013245C /* Weather.swift */,
				1C9F4B4A2B65D98E0013245C /* amplifyconfiguration.json */,
				1C9F4B4B2B65D98E0013245C /* Message+Schema.swift */,
			);
			path = amplify;
			sourceTree = SOURCE_ROOT;
		};
		1C9F4B582B65D9ED0013245C /* Views */ = {
			isa = PBXGroup;
			children = (
				1C9F4B282B65D8D20013245C /* ContentView.swift */,
				1CC5A68C2B68219A00F7419A /* MapButton.swift */,
				1CC5A6942B68242800F7419A /* PlacesView.swift */,
				1C9F4B5A2B65DB220013245C /* MapView.swift */,
				1CC5A6902B68224A00F7419A /* LoadingView.swift */,
				1CC5A6982B68261700F7419A /* MessagesView.swift */,
				1CC5A6A02B682FBA00F7419A /* CarPlayMapView.swift */,
				1CC5A6922B68227400F7419A /* FormButton.swift */,
				1CC5A68E2B68222100F7419A /* WeatherView.swift */,
			);
			path = Views;
			sourceTree = "<group>";
		};
		1C9F4B592B65DAE20013245C /* Services */ = {
			isa = PBXGroup;
			children = (
				1CC5A6862B681A0500F7419A /* DataService.swift */,
				1CC5A6962B68245F00F7419A /* PlaceType+Extensions.swift */,
				1CC5A68A2B681B1500F7419A /* LocationService.swift */,
				1CC5A69A2B6826C400F7419A /* VehicleMessageService.swift */,
				1CC5A69C2B6826D200F7419A /* Subscriptions.swift */,
				1CC5A6882B681A5400F7419A /* Queries.swift */,
				1CC5A69E2B682A0900F7419A /* Message+Extensions.swift */,
			);
			path = Services;
			sourceTree = "<group>";
		};
/* End PBXGroup section */

/* Begin PBXNativeTarget section */
		1C9F4B222B65D8D20013245C /* mobile */ = {
			isa = PBXNativeTarget;
			buildConfigurationList = 1C9F4B312B65D8D30013245C /* Build configuration list for PBXNativeTarget "mobile" */;
			buildPhases = (
				1C9F4B1F2B65D8D20013245C /* Sources */,
				1C9F4B202B65D8D20013245C /* Frameworks */,
				1C9F4B212B65D8D20013245C /* Resources */,
			);
			buildRules = (
			);
			dependencies = (
			);
			name = mobile;
			packageProductDependencies = (
				1C9F4B352B65D9550013245C /* AWSAPIPlugin */,
				1C9F4B372B65D9550013245C /* AWSCloudWatchLoggingPlugin */,
				1C9F4B392B65D9550013245C /* AWSCognitoAuthPlugin */,
				1C9F4B3B2B65D9550013245C /* AWSDataStorePlugin */,
				1C9F4B3D2B65D9550013245C /* AWSLocationGeoPlugin */,
			);
			productName = mobile;
			productReference = 1C9F4B232B65D8D20013245C /* mobile.app */;
			productType = "com.apple.product-type.application";
		};
/* End PBXNativeTarget section */

/* Begin PBXProject section */
		1C9F4B1B2B65D8D10013245C /* Project object */ = {
			isa = PBXProject;
			attributes = {
				BuildIndependentTargetsInParallel = 1;
				LastSwiftUpdateCheck = 1520;
				LastUpgradeCheck = 1520;
				TargetAttributes = {
					1C9F4B222B65D8D20013245C = {
						CreatedOnToolsVersion = 15.2;
					};
				};
			};
			buildConfigurationList = 1C9F4B1E2B65D8D10013245C /* Build configuration list for PBXProject "mobile" */;
			compatibilityVersion = "Xcode 14.0";
			developmentRegion = en;
			hasScannedForEncodings = 0;
			knownRegions = (
				en,
				Base,
			);
			mainGroup = 1C9F4B1A2B65D8D10013245C;
			packageReferences = (
				1C9F4B342B65D9550013245C /* XCRemoteSwiftPackageReference "amplify-swift" */,
			);
			productRefGroup = 1C9F4B242B65D8D20013245C /* Products */;
			projectDirPath = "";
			projectRoot = "";
			targets = (
				1C9F4B222B65D8D20013245C /* mobile */,
			);
		};
/* End PBXProject section */

/* Begin PBXResourcesBuildPhase section */
		1C9F4B212B65D8D20013245C /* Resources */ = {
			isa = PBXResourcesBuildPhase;
			buildActionMask = 2147483647;
			files = (
				1C9F4B2E2B65D8D30013245C /* Preview Assets.xcassets in Resources */,
				1C9F4B4E2B65D98E0013245C /* schema.graphql in Resources */,
				1C9F4B2B2B65D8D30013245C /* Assets.xcassets in Resources */,
				1C9F4B562B65D98E0013245C /* amplifyconfiguration.json in Resources */,
			);
			runOnlyForDeploymentPostprocessing = 0;
		};
/* End PBXResourcesBuildPhase section */

/* Begin PBXSourcesBuildPhase section */
		1C9F4B1F2B65D8D20013245C /* Sources */ = {
			isa = PBXSourcesBuildPhase;
			buildActionMask = 2147483647;
			files = (
				1C9F4B4F2B65D98E0013245C /* AmplifyModels.swift in Sources */,
				1CC5A6972B68245F00F7419A /* PlaceType+Extensions.swift in Sources */,
				1CC5A68D2B68219A00F7419A /* MapButton.swift in Sources */,
				1CC5A6872B681A0500F7419A /* DataService.swift in Sources */,
				1CC5A6952B68242800F7419A /* PlacesView.swift in Sources */,
				1C9F4B292B65D8D20013245C /* ContentView.swift in Sources */,
				1CC5A6A52B68338900F7419A /* CarPlaySceneDelegate.swift in Sources */,
				1CC5A69D2B6826D200F7419A /* Subscriptions.swift in Sources */,
				1C9F4B4C2B65D98E0013245C /* Location.swift in Sources */,
				1C9F4B552B65D98E0013245C /* Weather.swift in Sources */,
				1CC5A69F2B682A0900F7419A /* Message+Extensions.swift in Sources */,
				1CC5A6A12B682FBA00F7419A /* CarPlayMapView.swift in Sources */,
				1CC5A6892B681A5400F7419A /* Queries.swift in Sources */,
				1C9F4B5B2B65DB220013245C /* MapView.swift in Sources */,
				1C9F4B502B65D98E0013245C /* Message.swift in Sources */,
				1C9F4B532B65D98E0013245C /* PlaceType.swift in Sources */,
				1CC5A69B2B6826C400F7419A /* VehicleMessageService.swift in Sources */,
				1C9F4B542B65D98E0013245C /* Location+Schema.swift in Sources */,
				1CC5A68B2B681B1500F7419A /* LocationService.swift in Sources */,
				1C9F4B272B65D8D20013245C /* mobileApp.swift in Sources */,
				1C9F4B572B65D98E0013245C /* Message+Schema.swift in Sources */,
				1C9F4B512B65D98E0013245C /* Place.swift in Sources */,
				1CC5A6932B68227400F7419A /* FormButton.swift in Sources */,
				1CC5A68F2B68222100F7419A /* WeatherView.swift in Sources */,
				1C9F4B522B65D98E0013245C /* Place+Schema.swift in Sources */,
				1CC5A6992B68261700F7419A /* MessagesView.swift in Sources */,
				1CC5A6912B68224A00F7419A /* LoadingView.swift in Sources */,
				1C9F4B4D2B65D98E0013245C /* Weather+Schema.swift in Sources */,
			);
			runOnlyForDeploymentPostprocessing = 0;
		};
/* End PBXSourcesBuildPhase section */

/* Begin XCBuildConfiguration section */
		1C9F4B2F2B65D8D30013245C /* Debug */ = {
			isa = XCBuildConfiguration;
			buildSettings = {
				ALWAYS_SEARCH_USER_PATHS = NO;
				ASSETCATALOG_COMPILER_GENERATE_SWIFT_ASSET_SYMBOL_EXTENSIONS = YES;
				CLANG_ANALYZER_NONNULL = YES;
				CLANG_ANALYZER_NUMBER_OBJECT_CONVERSION = YES_AGGRESSIVE;
				CLANG_CXX_LANGUAGE_STANDARD = "gnu++20";
				CLANG_ENABLE_MODULES = YES;
				CLANG_ENABLE_OBJC_ARC = YES;
				CLANG_ENABLE_OBJC_WEAK = YES;
				CLANG_WARN_BLOCK_CAPTURE_AUTORELEASING = YES;
				CLANG_WARN_BOOL_CONVERSION = YES;
				CLANG_WARN_COMMA = YES;
				CLANG_WARN_CONSTANT_CONVERSION = YES;
				CLANG_WARN_DEPRECATED_OBJC_IMPLEMENTATIONS = YES;
				CLANG_WARN_DIRECT_OBJC_ISA_USAGE = YES_ERROR;
				CLANG_WARN_DOCUMENTATION_COMMENTS = YES;
				CLANG_WARN_EMPTY_BODY = YES;
				CLANG_WARN_ENUM_CONVERSION = YES;
				CLANG_WARN_INFINITE_RECURSION = YES;
				CLANG_WARN_INT_CONVERSION = YES;
				CLANG_WARN_NON_LITERAL_NULL_CONVERSION = YES;
				CLANG_WARN_OBJC_IMPLICIT_RETAIN_SELF = YES;
				CLANG_WARN_OBJC_LITERAL_CONVERSION = YES;
				CLANG_WARN_OBJC_ROOT_CLASS = YES_ERROR;
				CLANG_WARN_QUOTED_INCLUDE_IN_FRAMEWORK_HEADER = YES;
				CLANG_WARN_RANGE_LOOP_ANALYSIS = YES;
				CLANG_WARN_STRICT_PROTOTYPES = YES;
				CLANG_WARN_SUSPICIOUS_MOVE = YES;
				CLANG_WARN_UNGUARDED_AVAILABILITY = YES_AGGRESSIVE;
				CLANG_WARN_UNREACHABLE_CODE = YES;
				CLANG_WARN__DUPLICATE_METHOD_MATCH = YES;
				COPY_PHASE_STRIP = NO;
				DEBUG_INFORMATION_FORMAT = dwarf;
				ENABLE_STRICT_OBJC_MSGSEND = YES;
				ENABLE_TESTABILITY = YES;
				ENABLE_USER_SCRIPT_SANDBOXING = YES;
				GCC_C_LANGUAGE_STANDARD = gnu17;
				GCC_DYNAMIC_NO_PIC = NO;
				GCC_NO_COMMON_BLOCKS = YES;
				GCC_OPTIMIZATION_LEVEL = 0;
				GCC_PREPROCESSOR_DEFINITIONS = (
					"DEBUG=1",
					"$(inherited)",
				);
				GCC_WARN_64_TO_32_BIT_CONVERSION = YES;
				GCC_WARN_ABOUT_RETURN_TYPE = YES_ERROR;
				GCC_WARN_UNDECLARED_SELECTOR = YES;
				GCC_WARN_UNINITIALIZED_AUTOS = YES_AGGRESSIVE;
				GCC_WARN_UNUSED_FUNCTION = YES;
				GCC_WARN_UNUSED_VARIABLE = YES;
				IPHONEOS_DEPLOYMENT_TARGET = 17.2;
				LOCALIZATION_PREFERS_STRING_CATALOGS = YES;
				MTL_ENABLE_DEBUG_INFO = INCLUDE_SOURCE;
				MTL_FAST_MATH = YES;
				ONLY_ACTIVE_ARCH = YES;
				SDKROOT = iphoneos;
				SWIFT_ACTIVE_COMPILATION_CONDITIONS = "DEBUG $(inherited)";
				SWIFT_OPTIMIZATION_LEVEL = "-Onone";
			};
			name = Debug;
		};
		1C9F4B302B65D8D30013245C /* Release */ = {
			isa = XCBuildConfiguration;
			buildSettings = {
				ALWAYS_SEARCH_USER_PATHS = NO;
				ASSETCATALOG_COMPILER_GENERATE_SWIFT_ASSET_SYMBOL_EXTENSIONS = YES;
				CLANG_ANALYZER_NONNULL = YES;
				CLANG_ANALYZER_NUMBER_OBJECT_CONVERSION = YES_AGGRESSIVE;
				CLANG_CXX_LANGUAGE_STANDARD = "gnu++20";
				CLANG_ENABLE_MODULES = YES;
				CLANG_ENABLE_OBJC_ARC = YES;
				CLANG_ENABLE_OBJC_WEAK = YES;
				CLANG_WARN_BLOCK_CAPTURE_AUTORELEASING = YES;
				CLANG_WARN_BOOL_CONVERSION = YES;
				CLANG_WARN_COMMA = YES;
				CLANG_WARN_CONSTANT_CONVERSION = YES;
				CLANG_WARN_DEPRECATED_OBJC_IMPLEMENTATIONS = YES;
				CLANG_WARN_DIRECT_OBJC_ISA_USAGE = YES_ERROR;
				CLANG_WARN_DOCUMENTATION_COMMENTS = YES;
				CLANG_WARN_EMPTY_BODY = YES;
				CLANG_WARN_ENUM_CONVERSION = YES;
				CLANG_WARN_INFINITE_RECURSION = YES;
				CLANG_WARN_INT_CONVERSION = YES;
				CLANG_WARN_NON_LITERAL_NULL_CONVERSION = YES;
				CLANG_WARN_OBJC_IMPLICIT_RETAIN_SELF = YES;
				CLANG_WARN_OBJC_LITERAL_CONVERSION = YES;
				CLANG_WARN_OBJC_ROOT_CLASS = YES_ERROR;
				CLANG_WARN_QUOTED_INCLUDE_IN_FRAMEWORK_HEADER = YES;
				CLANG_WARN_RANGE_LOOP_ANALYSIS = YES;
				CLANG_WARN_STRICT_PROTOTYPES = YES;
				CLANG_WARN_SUSPICIOUS_MOVE = YES;
				CLANG_WARN_UNGUARDED_AVAILABILITY = YES_AGGRESSIVE;
				CLANG_WARN_UNREACHABLE_CODE = YES;
				CLANG_WARN__DUPLICATE_METHOD_MATCH = YES;
				COPY_PHASE_STRIP = NO;
				DEBUG_INFORMATION_FORMAT = "dwarf-with-dsym";
				ENABLE_NS_ASSERTIONS = NO;
				ENABLE_STRICT_OBJC_MSGSEND = YES;
				ENABLE_USER_SCRIPT_SANDBOXING = YES;
				GCC_C_LANGUAGE_STANDARD = gnu17;
				GCC_NO_COMMON_BLOCKS = YES;
				GCC_WARN_64_TO_32_BIT_CONVERSION = YES;
				GCC_WARN_ABOUT_RETURN_TYPE = YES_ERROR;
				GCC_WARN_UNDECLARED_SELECTOR = YES;
				GCC_WARN_UNINITIALIZED_AUTOS = YES_AGGRESSIVE;
				GCC_WARN_UNUSED_FUNCTION = YES;
				GCC_WARN_UNUSED_VARIABLE = YES;
				IPHONEOS_DEPLOYMENT_TARGET = 17.2;
				LOCALIZATION_PREFERS_STRING_CATALOGS = YES;
				MTL_ENABLE_DEBUG_INFO = NO;
				MTL_FAST_MATH = YES;
				SDKROOT = iphoneos;
				SWIFT_COMPILATION_MODE = wholemodule;
				VALIDATE_PRODUCT = YES;
			};
			name = Release;
		};
		1C9F4B322B65D8D30013245C /* Debug */ = {
			isa = XCBuildConfiguration;
			buildSettings = {
				ASSETCATALOG_COMPILER_APPICON_NAME = AppIcon;
				ASSETCATALOG_COMPILER_GLOBAL_ACCENT_COLOR_NAME = AccentColor;
				CODE_SIGN_ENTITLEMENTS = mobile/mobile.entitlements;
				CODE_SIGN_IDENTITY = "Apple Development";
				CODE_SIGN_STYLE = Automatic;
				CURRENT_PROJECT_VERSION = 1;
				DEVELOPMENT_ASSET_PATHS = "\"mobile/Preview Content\"";
				DEVELOPMENT_TEAM = "";
				ENABLE_PREVIEWS = YES;
				GENERATE_INFOPLIST_FILE = YES;
				INFOPLIST_FILE = mobile/Info.plist;
				INFOPLIST_KEY_NSLocationWhenInUseUsageDescription = "Allow the app to use the user's location?";
				INFOPLIST_KEY_UIApplicationSupportsIndirectInputEvents = YES;
				INFOPLIST_KEY_UILaunchScreen_Generation = YES;
				INFOPLIST_KEY_UISupportedInterfaceOrientations_iPad = "UIInterfaceOrientationPortrait UIInterfaceOrientationPortraitUpsideDown UIInterfaceOrientationLandscapeLeft UIInterfaceOrientationLandscapeRight";
				INFOPLIST_KEY_UISupportedInterfaceOrientations_iPhone = "UIInterfaceOrientationPortrait UIInterfaceOrientationLandscapeLeft UIInterfaceOrientationLandscapeRight";
				LD_RUNPATH_SEARCH_PATHS = (
					"$(inherited)",
					"@executable_path/Frameworks",
				);
				MARKETING_VERSION = 1.0;
				PRODUCT_BUNDLE_IDENTIFIER = com.aws.samples.mobile;
				PRODUCT_NAME = "$(TARGET_NAME)";
				PROVISIONING_PROFILE_SPECIFIER = "";
				SWIFT_EMIT_LOC_STRINGS = YES;
				SWIFT_VERSION = 5.0;
				TARGETED_DEVICE_FAMILY = "1,2";
			};
			name = Debug;
		};
		1C9F4B332B65D8D30013245C /* Release */ = {
			isa = XCBuildConfiguration;
			buildSettings = {
				ASSETCATALOG_COMPILER_APPICON_NAME = AppIcon;
				ASSETCATALOG_COMPILER_GLOBAL_ACCENT_COLOR_NAME = AccentColor;
				CODE_SIGN_ENTITLEMENTS = mobile/mobile.entitlements;
				CODE_SIGN_IDENTITY = "Apple Development";
				CODE_SIGN_STYLE = Automatic;
				CURRENT_PROJECT_VERSION = 1;
				DEVELOPMENT_ASSET_PATHS = "\"mobile/Preview Content\"";
				DEVELOPMENT_TEAM = "";
				ENABLE_PREVIEWS = YES;
				GENERATE_INFOPLIST_FILE = YES;
				INFOPLIST_FILE = mobile/Info.plist;
				INFOPLIST_KEY_NSLocationWhenInUseUsageDescription = "Allow the app to use the user's location?";
				INFOPLIST_KEY_UIApplicationSupportsIndirectInputEvents = YES;
				INFOPLIST_KEY_UILaunchScreen_Generation = YES;
				INFOPLIST_KEY_UISupportedInterfaceOrientations_iPad = "UIInterfaceOrientationPortrait UIInterfaceOrientationPortraitUpsideDown UIInterfaceOrientationLandscapeLeft UIInterfaceOrientationLandscapeRight";
				INFOPLIST_KEY_UISupportedInterfaceOrientations_iPhone = "UIInterfaceOrientationPortrait UIInterfaceOrientationLandscapeLeft UIInterfaceOrientationLandscapeRight";
				LD_RUNPATH_SEARCH_PATHS = (
					"$(inherited)",
					"@executable_path/Frameworks",
				);
				MARKETING_VERSION = 1.0;
				PRODUCT_BUNDLE_IDENTIFIER = com.aws.samples.mobile;
				PRODUCT_NAME = "$(TARGET_NAME)";
				PROVISIONING_PROFILE_SPECIFIER = "";
				SWIFT_EMIT_LOC_STRINGS = YES;
				SWIFT_VERSION = 5.0;
				TARGETED_DEVICE_FAMILY = "1,2";
			};
			name = Release;
		};
/* End XCBuildConfiguration section */

/* Begin XCConfigurationList section */
		1C9F4B1E2B65D8D10013245C /* Build configuration list for PBXProject "mobile" */ = {
			isa = XCConfigurationList;
			buildConfigurations = (
				1C9F4B2F2B65D8D30013245C /* Debug */,
				1C9F4B302B65D8D30013245C /* Release */,
			);
			defaultConfigurationIsVisible = 0;
			defaultConfigurationName = Release;
		};
		1C9F4B312B65D8D30013245C /* Build configuration list for PBXNativeTarget "mobile" */ = {
			isa = XCConfigurationList;
			buildConfigurations = (
				1C9F4B322B65D8D30013245C /* Debug */,
				1C9F4B332B65D8D30013245C /* Release */,
			);
			defaultConfigurationIsVisible = 0;
			defaultConfigurationName = Release;
		};
/* End XCConfigurationList section */

/* Begin XCRemoteSwiftPackageReference section */
		1C9F4B342B65D9550013245C /* XCRemoteSwiftPackageReference "amplify-swift" */ = {
			isa = XCRemoteSwiftPackageReference;
			repositoryURL = "https://github.com/aws-amplify/amplify-swift";
			requirement = {
				kind = upToNextMajorVersion;
				minimumVersion = 2.25.5;
			};
		};
/* End XCRemoteSwiftPackageReference section */

/* Begin XCSwiftPackageProductDependency section */
		1C9F4B352B65D9550013245C /* AWSAPIPlugin */ = {
			isa = XCSwiftPackageProductDependency;
			package = 1C9F4B342B65D9550013245C /* XCRemoteSwiftPackageReference "amplify-swift" */;
			productName = AWSAPIPlugin;
		};
		1C9F4B372B65D9550013245C /* AWSCloudWatchLoggingPlugin */ = {
			isa = XCSwiftPackageProductDependency;
			package = 1C9F4B342B65D9550013245C /* XCRemoteSwiftPackageReference "amplify-swift" */;
			productName = AWSCloudWatchLoggingPlugin;
		};
		1C9F4B392B65D9550013245C /* AWSCognitoAuthPlugin */ = {
			isa = XCSwiftPackageProductDependency;
			package = 1C9F4B342B65D9550013245C /* XCRemoteSwiftPackageReference "amplify-swift" */;
			productName = AWSCognitoAuthPlugin;
		};
		1C9F4B3B2B65D9550013245C /* AWSDataStorePlugin */ = {
			isa = XCSwiftPackageProductDependency;
			package = 1C9F4B342B65D9550013245C /* XCRemoteSwiftPackageReference "amplify-swift" */;
			productName = AWSDataStorePlugin;
		};
		1C9F4B3D2B65D9550013245C /* AWSLocationGeoPlugin */ = {
			isa = XCSwiftPackageProductDependency;
			package = 1C9F4B342B65D9550013245C /* XCRemoteSwiftPackageReference "amplify-swift" */;
			productName = AWSLocationGeoPlugin;
		};
/* End XCSwiftPackageProductDependency section */
	};
	rootObject = 1C9F4B1B2B65D8D10013245C /* Project object */;
}
